
Microsoft Visual Studio Solution File, Format Version 12.00
# Visual Studio Version 17
VisualStudioVersion = 17.14.36221.1
MinimumVisualStudioVersion = 10.0.40219.1
Project("{FAE04EC0-301F-11D3-BF4B-00C04F79EFBC}") = "GDI", "GDI\GDI.csproj", "{EDAD4EC3-AC20-4F8F-873C-A2F1D6A519F7}"
EndProject
Global
	GlobalSection(SolutionConfigurationPlatforms) = preSolution
		Debug|Any CPU = Debug|Any CPU
		Debug|x64 = Debug|x64
		Release|Any CPU = Release|Any CPU
		Release|x64 = Release|x64
	EndGlobalSection
	GlobalSection(ProjectConfigurationPlatforms) = postSolution
		{EDAD4EC3-AC20-4F8F-873C-A2F1D6A519F7}.Debug|Any CPU.ActiveCfg = Debug|Any CPU
		{EDAD4EC3-AC20-4F8F-873C-A2F1D6A519F7}.Debug|Any CPU.Build.0 = Debug|Any CPU
		{EDAD4EC3-AC20-4F8F-873C-A2F1D6A519F7}.Debug|x64.ActiveCfg = Debug|x64
		{EDAD4EC3-AC20-4F8F-873C-A2F1D6A519F7}.Debug|x64.Build.0 = Debug|x64
		{EDAD4EC3-AC20-4F8F-873C-A2F1D6A519F7}.Release|Any CPU.ActiveCfg = Release|Any CPU
		{EDAD4EC3-AC20-4F8F-873C-A2F1D6A519F7}.Release|Any CPU.Build.0 = Release|Any CPU
		{EDAD4EC3-AC20-4F8F-873C-A2F1D6A519F7}.Release|x64.ActiveCfg = Release|x64
		{EDAD4EC3-AC20-4F8F-873C-A2F1D6A519F7}.Release|x64.Build.0 = Release|x64
	EndGlobalSection
	GlobalSection(SolutionProperties) = preSolution
		HideSolutionNode = FALSE
	EndGlobalSection
	GlobalSection(ExtensibilityGlobals) = postSolution
		SolutionGuid = {FB8D48F1-27E3-4DD1-A467-B0F006D333F4}
	EndGlobalSection
EndGlobal
